
Microsoft Visual Studio Solution File, Format Version 12.00
# Visual Studio Version 16
VisualStudioVersion = 16.0.32126.315
MinimumVisualStudioVersion = 10.0.40219.1
Project("{8BC9CEB8-8B4A-11D0-8D11-00A0C91BC942}") = "coursework1", "coursework1\coursework1.vcxproj", "{A06F1C3B-59FB-442A-AD78-73EAFD7D0C0E}"
EndProject
Global
	GlobalSection(SolutionConfigurationPlatforms) = preSolution
		Debug|x64 = Debug|x64
		Debug|x86 = Debug|x86
		Release|x64 = Release|x64
		Release|x86 = Release|x86
	EndGlobalSection
	GlobalSection(ProjectConfigurationPlatforms) = postSolution
		{A06F1C3B-59FB-442A-AD78-73EAFD7D0C0E}.Debug|x64.ActiveCfg = Debug|x64
		{A06F1C3B-59FB-442A-AD78-73EAFD7D0C0E}.Debug|x64.Build.0 = Debug|x64
		{A06F1C3B-59FB-442A-AD78-73EAFD7D0C0E}.Debug|x86.ActiveCfg = Debug|Win32
		{A06F1C3B-59FB-442A-AD78-73EAFD7D0C0E}.Debug|x86.Build.0 = Debug|Win32
		{A06F1C3B-59FB-442A-AD78-73EAFD7D0C0E}.Release|x64.ActiveCfg = Release|x64
		{A06F1C3B-59FB-442A-AD78-73EAFD7D0C0E}.Release|x64.Build.0 = Release|x64
		{A06F1C3B-59FB-442A-AD78-73EAFD7D0C0E}.Release|x86.ActiveCfg = Release|Win32
		{A06F1C3B-59FB-442A-AD78-73EAFD7D0C0E}.Release|x86.Build.0 = Release|Win32
	EndGlobalSection
	GlobalSection(SolutionProperties) = preSolution
		HideSolutionNode = FALSE
	EndGlobalSection
	GlobalSection(ExtensibilityGlobals) = postSolution
		SolutionGuid = {D0CB70DF-8EBC-49D5-8641-2B23FBEEF416}
	EndGlobalSection
EndGlobal
